// !$*UTF8*$!
{
	archiveVersion = 1;
	classes = {
	};
	objectVersion = 51;
	objects = {

/* Begin PBXBuildFile section */
		31069514383EBB65C9386EB8 /* Pods_WhatFlower.framework in Frameworks */ = {isa = PBXBuildFile; fileRef = A2DE64B514CD64B7FBB54445 /* Pods_WhatFlower.framework */; };
		C40F03C1268A12A800AD99AC /* AppDelegate.swift in Sources */ = {isa = PBXBuildFile; fileRef = C40F03C0268A12A800AD99AC /* AppDelegate.swift */; };
		C40F03C3268A12A800AD99AC /* SceneDelegate.swift in Sources */ = {isa = PBXBuildFile; fileRef = C40F03C2268A12A800AD99AC /* SceneDelegate.swift */; };
		C40F03C5268A12A800AD99AC /* ViewController.swift in Sources */ = {isa = PBXBuildFile; fileRef = C40F03C4268A12A800AD99AC /* ViewController.swift */; };
		C40F03C8268A12A800AD99AC /* Main.storyboard in Resources */ = {isa = PBXBuildFile; fileRef = C40F03C6268A12A800AD99AC /* Main.storyboard */; };
		C40F03CA268A12AD00AD99AC /* Assets.xcassets in Resources */ = {isa = PBXBuildFile; fileRef = C40F03C9268A12AD00AD99AC /* Assets.xcassets */; };
		C40F03CD268A12AD00AD99AC /* LaunchScreen.storyboard in Resources */ = {isa = PBXBuildFile; fileRef = C40F03CB268A12AD00AD99AC /* LaunchScreen.storyboard */; };
		C40F03D5268A16C600AD99AC /* FlowerClassifier.mlmodel in Sources */ = {isa = PBXBuildFile; fileRef = C40F03D4268A16C600AD99AC /* FlowerClassifier.mlmodel */; };
		C40F03D8268A29F600AD99AC /* FlowerManager.swift in Sources */ = {isa = PBXBuildFile; fileRef = C40F03D7268A29F600AD99AC /* FlowerManager.swift */; };
		C40F03DA268A2C8900AD99AC /* FlowerDataModel.swift in Sources */ = {isa = PBXBuildFile; fileRef = C40F03D9268A2C8900AD99AC /* FlowerDataModel.swift */; };
		C466942A268CCEBD000A4014 /* FlowerImageClassifier1.mlmodel in Sources */ = {isa = PBXBuildFile; fileRef = C4669429268CCEBC000A4014 /* FlowerImageClassifier1.mlmodel */; };
		C4A22A4B268CA78E0050CA4D /* LaunchScreenViewController.swift in Sources */ = {isa = PBXBuildFile; fileRef = C4A22A4A268CA78E0050CA4D /* LaunchScreenViewController.swift */; };
/* End PBXBuildFile section */

/* Begin PBXFileReference section */
		4C5D9B0916A51DD6B3BC0B4D /* Pods-WhatFlower.debug.xcconfig */ = {isa = PBXFileReference; includeInIndex = 1; lastKnownFileType = text.xcconfig; name = "Pods-WhatFlower.debug.xcconfig"; path = "Target Support Files/Pods-WhatFlower/Pods-WhatFlower.debug.xcconfig"; sourceTree = "<group>"; };
		A2DE64B514CD64B7FBB54445 /* Pods_WhatFlower.framework */ = {isa = PBXFileReference; explicitFileType = wrapper.framework; includeInIndex = 0; path = Pods_WhatFlower.framework; sourceTree = BUILT_PRODUCTS_DIR; };
		C40F03BD268A12A800AD99AC /* WhatFlower.app */ = {isa = PBXFileReference; explicitFileType = wrapper.application; includeInIndex = 0; path = WhatFlower.app; sourceTree = BUILT_PRODUCTS_DIR; };
		C40F03C0268A12A800AD99AC /* AppDelegate.swift */ = {isa = PBXFileReference; lastKnownFileType = sourcecode.swift; path = AppDelegate.swift; sourceTree = "<group>"; };
		C40F03C2268A12A800AD99AC /* SceneDelegate.swift */ = {isa = PBXFileReference; lastKnownFileType = sourcecode.swift; path = SceneDelegate.swift; sourceTree = "<group>"; };
		C40F03C4268A12A800AD99AC /* ViewController.swift */ = {isa = PBXFileReference; lastKnownFileType = sourcecode.swift; path = ViewController.swift; sourceTree = "<group>"; };
		C40F03C7268A12A800AD99AC /* Base */ = {isa = PBXFileReference; lastKnownFileType = file.storyboard; name = Base; path = Base.lproj/Main.storyboard; sourceTree = "<group>"; };
		C40F03C9268A12AD00AD99AC /* Assets.xcassets */ = {isa = PBXFileReference; lastKnownFileType = folder.assetcatalog; path = Assets.xcassets; sourceTree = "<group>"; };
		C40F03CC268A12AD00AD99AC /* Base */ = {isa = PBXFileReference; lastKnownFileType = file.storyboard; name = Base; path = Base.lproj/LaunchScreen.storyboard; sourceTree = "<group>"; };
		C40F03CE268A12AD00AD99AC /* Info.plist */ = {isa = PBXFileReference; lastKnownFileType = text.plist.xml; path = Info.plist; sourceTree = "<group>"; };
		C40F03D4268A16C600AD99AC /* FlowerClassifier.mlmodel */ = {isa = PBXFileReference; lastKnownFileType = file.mlmodel; path = FlowerClassifier.mlmodel; sourceTree = "<group>"; };
		C40F03D7268A29F600AD99AC /* FlowerManager.swift */ = {isa = PBXFileReference; lastKnownFileType = sourcecode.swift; path = FlowerManager.swift; sourceTree = "<group>"; };
		C40F03D9268A2C8900AD99AC /* FlowerDataModel.swift */ = {isa = PBXFileReference; lastKnownFileType = sourcecode.swift; path = FlowerDataModel.swift; sourceTree = "<group>"; };
		C4669429268CCEBC000A4014 /* FlowerImageClassifier1.mlmodel */ = {isa = PBXFileReference; lastKnownFileType = file.mlmodel; path = FlowerImageClassifier1.mlmodel; sourceTree = "<group>"; };
		C4A22A4A268CA78E0050CA4D /* LaunchScreenViewController.swift */ = {isa = PBXFileReference; lastKnownFileType = sourcecode.swift; path = LaunchScreenViewController.swift; sourceTree = "<group>"; };
		EE63F97404929629FF62EE66 /* Pods-WhatFlower.release.xcconfig */ = {isa = PBXFileReference; includeInIndex = 1; lastKnownFileType = text.xcconfig; name = "Pods-WhatFlower.release.xcconfig"; path = "Target Support Files/Pods-WhatFlower/Pods-WhatFlower.release.xcconfig"; sourceTree = "<group>"; };
/* End PBXFileReference section */

/* Begin PBXFrameworksBuildPhase section */
		C40F03BA268A12A800AD99AC /* Frameworks */ = {
			isa = PBXFrameworksBuildPhase;
			buildActionMask = 2147483647;
			files = (
				31069514383EBB65C9386EB8 /* Pods_WhatFlower.framework in Frameworks */,
			);
			runOnlyForDeploymentPostprocessing = 0;
		};
/* End PBXFrameworksBuildPhase section */

/* Begin PBXGroup section */
		1544BC14B98DE8674ACBB804 /* Frameworks */ = {
			isa = PBXGroup;
			children = (
				A2DE64B514CD64B7FBB54445 /* Pods_WhatFlower.framework */,
			);
			name = Frameworks;
			sourceTree = "<group>";
		};
		B3D9A24176A50EC11E7C7F27 /* Pods */ = {
			isa = PBXGroup;
			children = (
				4C5D9B0916A51DD6B3BC0B4D /* Pods-WhatFlower.debug.xcconfig */,
				EE63F97404929629FF62EE66 /* Pods-WhatFlower.release.xcconfig */,
			);
			path = Pods;
			sourceTree = "<group>";
		};
		C40F03B4268A12A800AD99AC = {
			isa = PBXGroup;
			children = (
				C40F03BF268A12A800AD99AC /* WhatFlower */,
				C40F03BE268A12A800AD99AC /* Products */,
				B3D9A24176A50EC11E7C7F27 /* Pods */,
				1544BC14B98DE8674ACBB804 /* Frameworks */,
			);
			sourceTree = "<group>";
		};
		C40F03BE268A12A800AD99AC /* Products */ = {
			isa = PBXGroup;
			children = (
				C40F03BD268A12A800AD99AC /* WhatFlower.app */,
			);
			name = Products;
			sourceTree = "<group>";
		};
		C40F03BF268A12A800AD99AC /* WhatFlower */ = {
			isa = PBXGroup;
			children = (
				C40F03D6268A29D600AD99AC /* Model */,
				C40F03C0268A12A800AD99AC /* AppDelegate.swift */,
				C40F03C2268A12A800AD99AC /* SceneDelegate.swift */,
				C40F03C4268A12A800AD99AC /* ViewController.swift */,
				C40F03C6268A12A800AD99AC /* Main.storyboard */,
				C40F03D4268A16C600AD99AC /* FlowerClassifier.mlmodel */,
				C4669429268CCEBC000A4014 /* FlowerImageClassifier1.mlmodel */,
				C40F03C9268A12AD00AD99AC /* Assets.xcassets */,
				C40F03CB268A12AD00AD99AC /* LaunchScreen.storyboard */,
				C40F03CE268A12AD00AD99AC /* Info.plist */,
				C4A22A4A268CA78E0050CA4D /* LaunchScreenViewController.swift */,
			);
			path = WhatFlower;
			sourceTree = "<group>";
		};
		C40F03D6268A29D600AD99AC /* Model */ = {
			isa = PBXGroup;
			children = (
				C40F03D7268A29F600AD99AC /* FlowerManager.swift */,
				C40F03D9268A2C8900AD99AC /* FlowerDataModel.swift */,
			);
			path = Model;
			sourceTree = "<group>";
		};
/* End PBXGroup section */

/* Begin PBXNativeTarget section */
		C40F03BC268A12A800AD99AC /* WhatFlower */ = {
			isa = PBXNativeTarget;
			buildConfigurationList = C40F03D1268A12AD00AD99AC /* Build configuration list for PBXNativeTarget "WhatFlower" */;
			buildPhases = (
				FAA7CE509F51FAF04408BFBD /* [CP] Check Pods Manifest.lock */,
				C40F03B9268A12A800AD99AC /* Sources */,
				C40F03BA268A12A800AD99AC /* Frameworks */,
				C40F03BB268A12A800AD99AC /* Resources */,
				027BDDFA5AA9CDE2A6FFB4D7 /* [CP] Embed Pods Frameworks */,
				92FBB538E6635A040170BC62 /* [CP] Copy Pods Resources */,
			);
			buildRules = (
			);
			dependencies = (
			);
			name = WhatFlower;
			productName = WhatFlower;
			productReference = C40F03BD268A12A800AD99AC /* WhatFlower.app */;
			productType = "com.apple.product-type.application";
		};
/* End PBXNativeTarget section */

/* Begin PBXProject section */
		C40F03B5268A12A800AD99AC /* Project object */ = {
			isa = PBXProject;
			attributes = {
				LastSwiftUpdateCheck = 1250;
				LastUpgradeCheck = 1250;
				TargetAttributes = {
					C40F03BC268A12A800AD99AC = {
						CreatedOnToolsVersion = 12.5;
					};
				};
			};
			buildConfigurationList = C40F03B8268A12A800AD99AC /* Build configuration list for PBXProject "WhatFlower" */;
			compatibilityVersion = "Xcode 9.3";
			developmentRegion = en;
			hasScannedForEncodings = 0;
			knownRegions = (
				en,
				Base,
			);
			mainGroup = C40F03B4268A12A800AD99AC;
			productRefGroup = C40F03BE268A12A800AD99AC /* Products */;
			projectDirPath = "";
			projectRoot = "";
			targets = (
				C40F03BC268A12A800AD99AC /* WhatFlower */,
			);
		};
/* End PBXProject section */

/* Begin PBXResourcesBuildPhase section */
		C40F03BB268A12A800AD99AC /* Resources */ = {
			isa = PBXResourcesBuildPhase;
			buildActionMask = 2147483647;
			files = (
				C40F03CD268A12AD00AD99AC /* LaunchScreen.storyboard in Resources */,
				C40F03CA268A12AD00AD99AC /* Assets.xcassets in Resources */,
				C40F03C8268A12A800AD99AC /* Main.storyboard in Resources */,
			);
			runOnlyForDeploymentPostprocessing = 0;
		};
/* End PBXResourcesBuildPhase section */

/* Begin PBXShellScriptBuildPhase section */
		027BDDFA5AA9CDE2A6FFB4D7 /* [CP] Embed Pods Frameworks */ = {
			isa = PBXShellScriptBuildPhase;
			buildActionMask = 2147483647;
			files = (
			);
			inputFileListPaths = (
				"${PODS_ROOT}/Target Support Files/Pods-WhatFlower/Pods-WhatFlower-frameworks-${CONFIGURATION}-input-files.xcfilelist",
			);
			name = "[CP] Embed Pods Frameworks";
			outputFileListPaths = (
				"${PODS_ROOT}/Target Support Files/Pods-WhatFlower/Pods-WhatFlower-frameworks-${CONFIGURATION}-output-files.xcfilelist",
			);
			runOnlyForDeploymentPostprocessing = 0;
			shellPath = /bin/sh;
			shellScript = "\"${PODS_ROOT}/Target Support Files/Pods-WhatFlower/Pods-WhatFlower-frameworks.sh\"\n";
			showEnvVarsInLog = 0;
		};
		92FBB538E6635A040170BC62 /* [CP] Copy Pods Resources */ = {
			isa = PBXShellScriptBuildPhase;
			buildActionMask = 2147483647;
			files = (
			);
			inputFileListPaths = (
				"${PODS_ROOT}/Target Support Files/Pods-WhatFlower/Pods-WhatFlower-resources-${CONFIGURATION}-input-files.xcfilelist",
			);
			name = "[CP] Copy Pods Resources";
			outputFileListPaths = (
				"${PODS_ROOT}/Target Support Files/Pods-WhatFlower/Pods-WhatFlower-resources-${CONFIGURATION}-output-files.xcfilelist",
			);
			runOnlyForDeploymentPostprocessing = 0;
			shellPath = /bin/sh;
			shellScript = "\"${PODS_ROOT}/Target Support Files/Pods-WhatFlower/Pods-WhatFlower-resources.sh\"\n";
			showEnvVarsInLog = 0;
		};
		FAA7CE509F51FAF04408BFBD /* [CP] Check Pods Manifest.lock */ = {
			isa = PBXShellScriptBuildPhase;
			buildActionMask = 2147483647;
			files = (
			);
			inputFileListPaths = (
			);
			inputPaths = (
				"${PODS_PODFILE_DIR_PATH}/Podfile.lock",
				"${PODS_ROOT}/Manifest.lock",
			);
			name = "[CP] Check Pods Manifest.lock";
			outputFileListPaths = (
			);
			outputPaths = (
				"$(DERIVED_FILE_DIR)/Pods-WhatFlower-checkManifestLockResult.txt",
			);
			runOnlyForDeploymentPostprocessing = 0;
			shellPath = /bin/sh;
			shellScript = "diff \"${PODS_PODFILE_DIR_PATH}/Podfile.lock\" \"${PODS_ROOT}/Manifest.lock\" > /dev/null\nif [ $? != 0 ] ; then\n    # print error to STDERR\n    echo \"error: The sandbox is not in sync with the Podfile.lock. Run 'pod install' or update your CocoaPods installation.\" >&2\n    exit 1\nfi\n# This output is used by Xcode 'outputs' to avoid re-running this script phase.\necho \"SUCCESS\" > \"${SCRIPT_OUTPUT_FILE_0}\"\n";
			showEnvVarsInLog = 0;
		};
/* End PBXShellScriptBuildPhase section */

/* Begin PBXSourcesBuildPhase section */
		C40F03B9268A12A800AD99AC /* Sources */ = {
			isa = PBXSourcesBuildPhase;
			buildActionMask = 2147483647;
			files = (
				C40F03D5268A16C600AD99AC /* FlowerClassifier.mlmodel in Sources */,
				C40F03C5268A12A800AD99AC /* ViewController.swift in Sources */,
				C40F03DA268A2C8900AD99AC /* FlowerDataModel.swift in Sources */,
				C40F03D8268A29F600AD99AC /* FlowerManager.swift in Sources */,
				C40F03C1268A12A800AD99AC /* AppDelegate.swift in Sources */,
				C40F03C3268A12A800AD99AC /* SceneDelegate.swift in Sources */,
				C466942A268CCEBD000A4014 /* FlowerImageClassifier1.mlmodel in Sources */,
				C4A22A4B268CA78E0050CA4D /* LaunchScreenViewController.swift in Sources */,
			);
			runOnlyForDeploymentPostprocessing = 0;
		};
/* End PBXSourcesBuildPhase section */

/* Begin PBXVariantGroup section */
		C40F03C6268A12A800AD99AC /* Main.storyboard */ = {
			isa = PBXVariantGroup;
			children = (
				C40F03C7268A12A800AD99AC /* Base */,
			);
			name = Main.storyboard;
			sourceTree = "<group>";
		};
		C40F03CB268A12AD00AD99AC /* LaunchScreen.storyboard */ = {
			isa = PBXVariantGroup;
			children = (
				C40F03CC268A12AD00AD99AC /* Base */,
			);
			name = LaunchScreen.storyboard;
			sourceTree = "<group>";
		};
/* End PBXVariantGroup section */

/* Begin XCBuildConfiguration section */
		C40F03CF268A12AD00AD99AC /* Debug */ = {
			isa = XCBuildConfiguration;
			buildSettings = {
				ALWAYS_SEARCH_USER_PATHS = NO;
				CLANG_ANALYZER_NONNULL = YES;
				CLANG_ANALYZER_NUMBER_OBJECT_CONVERSION = YES_AGGRESSIVE;
				CLANG_CXX_LANGUAGE_STANDARD = "gnu++14";
				CLANG_CXX_LIBRARY = "libc++";
				CLANG_ENABLE_MODULES = YES;
				CLANG_ENABLE_OBJC_ARC = YES;
				CLANG_ENABLE_OBJC_WEAK = YES;
				CLANG_WARN_BLOCK_CAPTURE_AUTORELEASING = YES;
				CLANG_WARN_BOOL_CONVERSION = YES;
				CLANG_WARN_COMMA = YES;
				CLANG_WARN_CONSTANT_CONVERSION = YES;
				CLANG_WARN_DEPRECATED_OBJC_IMPLEMENTATIONS = YES;
				CLANG_WARN_DIRECT_OBJC_ISA_USAGE = YES_ERROR;
				CLANG_WARN_DOCUMENTATION_COMMENTS = YES;
				CLANG_WARN_EMPTY_BODY = YES;
				CLANG_WARN_ENUM_CONVERSION = YES;
				CLANG_WARN_INFINITE_RECURSION = YES;
				CLANG_WARN_INT_CONVERSION = YES;
				CLANG_WARN_NON_LITERAL_NULL_CONVERSION = YES;
				CLANG_WARN_OBJC_IMPLICIT_RETAIN_SELF = YES;
				CLANG_WARN_OBJC_LITERAL_CONVERSION = YES;
				CLANG_WARN_OBJC_ROOT_CLASS = YES_ERROR;
				CLANG_WARN_QUOTED_INCLUDE_IN_FRAMEWORK_HEADER = YES;
				CLANG_WARN_RANGE_LOOP_ANALYSIS = YES;
				CLANG_WARN_STRICT_PROTOTYPES = YES;
				CLANG_WARN_SUSPICIOUS_MOVE = YES;
				CLANG_WARN_UNGUARDED_AVAILABILITY = YES_AGGRESSIVE;
				CLANG_WARN_UNREACHABLE_CODE = YES;
				CLANG_WARN__DUPLICATE_METHOD_MATCH = YES;
				COPY_PHASE_STRIP = NO;
				DEBUG_INFORMATION_FORMAT = dwarf;
				ENABLE_STRICT_OBJC_MSGSEND = YES;
				ENABLE_TESTABILITY = YES;
				GCC_C_LANGUAGE_STANDARD = gnu11;
				GCC_DYNAMIC_NO_PIC = NO;
				GCC_NO_COMMON_BLOCKS = YES;
				GCC_OPTIMIZATION_LEVEL = 0;
				GCC_PREPROCESSOR_DEFINITIONS = (
					"DEBUG=1",
					"$(inherited)",
				);
				GCC_WARN_64_TO_32_BIT_CONVERSION = YES;
				GCC_WARN_ABOUT_RETURN_TYPE = YES_ERROR;
				GCC_WARN_UNDECLARED_SELECTOR = YES;
				GCC_WARN_UNINITIALIZED_AUTOS = YES_AGGRESSIVE;
				GCC_WARN_UNUSED_FUNCTION = YES;
				GCC_WARN_UNUSED_VARIABLE = YES;
				IPHONEOS_DEPLOYMENT_TARGET = 14.5;
				MTL_ENABLE_DEBUG_INFO = INCLUDE_SOURCE;
				MTL_FAST_MATH = YES;
				ONLY_ACTIVE_ARCH = YES;
				SDKROOT = iphoneos;
				SWIFT_ACTIVE_COMPILATION_CONDITIONS = DEBUG;
				SWIFT_OPTIMIZATION_LEVEL = "-Onone";
			};
			name = Debug;
		};
		C40F03D0268A12AD00AD99AC /* Release */ = {
			isa = XCBuildConfiguration;
			buildSettings = {
				ALWAYS_SEARCH_USER_PATHS = NO;
				CLANG_ANALYZER_NONNULL = YES;
				CLANG_ANALYZER_NUMBER_OBJECT_CONVERSION = YES_AGGRESSIVE;
				CLANG_CXX_LANGUAGE_STANDARD = "gnu++14";
				CLANG_CXX_LIBRARY = "libc++";
				CLANG_ENABLE_MODULES = YES;
				CLANG_ENABLE_OBJC_ARC = YES;
				CLANG_ENABLE_OBJC_WEAK = YES;
				CLANG_WARN_BLOCK_CAPTURE_AUTORELEASING = YES;
				CLANG_WARN_BOOL_CONVERSION = YES;
				CLANG_WARN_COMMA = YES;
				CLANG_WARN_CONSTANT_CONVERSION = YES;
				CLANG_WARN_DEPRECATED_OBJC_IMPLEMENTATIONS = YES;
				CLANG_WARN_DIRECT_OBJC_ISA_USAGE = YES_ERROR;
				CLANG_WARN_DOCUMENTATION_COMMENTS = YES;
				CLANG_WARN_EMPTY_BODY = YES;
				CLANG_WARN_ENUM_CONVERSION = YES;
				CLANG_WARN_INFINITE_RECURSION = YES;
				CLANG_WARN_INT_CONVERSION = YES;
				CLANG_WARN_NON_LITERAL_NULL_CONVERSION = YES;
				CLANG_WARN_OBJC_IMPLICIT_RETAIN_SELF = YES;
				CLANG_WARN_OBJC_LITERAL_CONVERSION = YES;
				CLANG_WARN_OBJC_ROOT_CLASS = YES_ERROR;
				CLANG_WARN_QUOTED_INCLUDE_IN_FRAMEWORK_HEADER = YES;
				CLANG_WARN_RANGE_LOOP_ANALYSIS = YES;
				CLANG_WARN_STRICT_PROTOTYPES = YES;
				CLANG_WARN_SUSPICIOUS_MOVE = YES;
				CLANG_WARN_UNGUARDED_AVAILABILITY = YES_AGGRESSIVE;
				CLANG_WARN_UNREACHABLE_CODE = YES;
				CLANG_WARN__DUPLICATE_METHOD_MATCH = YES;
				COPY_PHASE_STRIP = NO;
				DEBUG_INFORMATION_FORMAT = "dwarf-with-dsym";
				ENABLE_NS_ASSERTIONS = NO;
				ENABLE_STRICT_OBJC_MSGSEND = YES;
				GCC_C_LANGUAGE_STANDARD = gnu11;
				GCC_NO_COMMON_BLOCKS = YES;
				GCC_WARN_64_TO_32_BIT_CONVERSION = YES;
				GCC_WARN_ABOUT_RETURN_TYPE = YES_ERROR;
				GCC_WARN_UNDECLARED_SELECTOR = YES;
				GCC_WARN_UNINITIALIZED_AUTOS = YES_AGGRESSIVE;
				GCC_WARN_UNUSED_FUNCTION = YES;
				GCC_WARN_UNUSED_VARIABLE = YES;
				IPHONEOS_DEPLOYMENT_TARGET = 14.5;
				MTL_ENABLE_DEBUG_INFO = NO;
				MTL_FAST_MATH = YES;
				SDKROOT = iphoneos;
				SWIFT_COMPILATION_MODE = wholemodule;
				SWIFT_OPTIMIZATION_LEVEL = "-O";
				VALIDATE_PRODUCT = YES;
			};
			name = Release;
		};
		C40F03D2268A12AD00AD99AC /* Debug */ = {
			isa = XCBuildConfiguration;
			baseConfigurationReference = 4C5D9B0916A51DD6B3BC0B4D /* Pods-WhatFlower.debug.xcconfig */;
			buildSettings = {
				ASSETCATALOG_COMPILER_APPICON_NAME = AppIcon;
				ASSETCATALOG_COMPILER_GLOBAL_ACCENT_COLOR_NAME = AccentColor;
				CODE_SIGN_STYLE = Automatic;
				DEVELOPMENT_TEAM = NQX8F5VUA9;
				INFOPLIST_FILE = WhatFlower/Info.plist;
				LD_RUNPATH_SEARCH_PATHS = (
					"$(inherited)",
					"@executable_path/Frameworks",
				);
				PRODUCT_BUNDLE_IDENTIFIER = com.davidD.WhatFlower;
				PRODUCT_NAME = "$(TARGET_NAME)";
				SWIFT_VERSION = 5.0;
				TARGETED_DEVICE_FAMILY = "1,2";
			};
			name = Debug;
		};
		C40F03D3268A12AD00AD99AC /* Release */ = {
			isa = XCBuildConfiguration;
			baseConfigurationReference = EE63F97404929629FF62EE66 /* Pods-WhatFlower.release.xcconfig */;
			buildSettings = {
				ASSETCATALOG_COMPILER_APPICON_NAME = AppIcon;
				ASSETCATALOG_COMPILER_GLOBAL_ACCENT_COLOR_NAME = AccentColor;
				CODE_SIGN_STYLE = Automatic;
				DEVELOPMENT_TEAM = NQX8F5VUA9;
				INFOPLIST_FILE = WhatFlower/Info.plist;
				LD_RUNPATH_SEARCH_PATHS = (
					"$(inherited)",
					"@executable_path/Frameworks",
				);
				PRODUCT_BUNDLE_IDENTIFIER = com.davidD.WhatFlower;
				PRODUCT_NAME = "$(TARGET_NAME)";
				SWIFT_VERSION = 5.0;
				TARGETED_DEVICE_FAMILY = "1,2";
			};
			name = Release;
		};
/* End XCBuildConfiguration section */

/* Begin XCConfigurationList section */
		C40F03B8268A12A800AD99AC /* Build configuration list for PBXProject "WhatFlower" */ = {
			isa = XCConfigurationList;
			buildConfigurations = (
				C40F03CF268A12AD00AD99AC /* Debug */,
				C40F03D0268A12AD00AD99AC /* Release */,
			);
			defaultConfigurationIsVisible = 0;
			defaultConfigurationName = Release;
		};
		C40F03D1268A12AD00AD99AC /* Build configuration list for PBXNativeTarget "WhatFlower" */ = {
			isa = XCConfigurationList;
			buildConfigurations = (
				C40F03D2268A12AD00AD99AC /* Debug */,
				C40F03D3268A12AD00AD99AC /* Release */,
			);
			defaultConfigurationIsVisible = 0;
			defaultConfigurationName = Release;
		};
/* End XCConfigurationList section */
	};
	rootObject = C40F03B5268A12A800AD99AC /* Project object */;
}
